
Microsoft Visual Studio Solution File, Format Version 12.00
# Visual Studio Version 17
VisualStudioVersion = 17.14.36301.6 d17.14
MinimumVisualStudioVersion = 10.0.40219.1
Project("{FAE04EC0-301F-11D3-BF4B-00C04F79EFBC}") = "ConsoleUI", "ConsoleUI\ConsoleUI.csproj", "{3D1BC745-8DEB-40F5-83F5-D6B4AD82B0D2}"
EndProject
Project("{FAE04EC0-301F-11D3-BF4B-00C04F79EFBC}") = "GuestLibrary", "GuestLibrary\GuestLibrary.csproj", "{E0872006-EF99-4D5E-BDFA-E6612F4308EF}"
EndProject
Global
	GlobalSection(SolutionConfigurationPlatforms) = preSolution
		Debug|Any CPU = Debug|Any CPU
		Release|Any CPU = Release|Any CPU
	EndGlobalSection
	GlobalSection(ProjectConfigurationPlatforms) = postSolution
		{3D1BC745-8DEB-40F5-83F5-D6B4AD82B0D2}.Debug|Any CPU.ActiveCfg = Debug|Any CPU
		{3D1BC745-8DEB-40F5-83F5-D6B4AD82B0D2}.Debug|Any CPU.Build.0 = Debug|Any CPU
		{3D1BC745-8DEB-40F5-83F5-D6B4AD82B0D2}.Release|Any CPU.ActiveCfg = Release|Any CPU
		{3D1BC745-8DEB-40F5-83F5-D6B4AD82B0D2}.Release|Any CPU.Build.0 = Release|Any CPU
		{E0872006-EF99-4D5E-BDFA-E6612F4308EF}.Debug|Any CPU.ActiveCfg = Debug|Any CPU
		{E0872006-EF99-4D5E-BDFA-E6612F4308EF}.Debug|Any CPU.Build.0 = Debug|Any CPU
		{E0872006-EF99-4D5E-BDFA-E6612F4308EF}.Release|Any CPU.ActiveCfg = Release|Any CPU
		{E0872006-EF99-4D5E-BDFA-E6612F4308EF}.Release|Any CPU.Build.0 = Release|Any CPU
	EndGlobalSection
	GlobalSection(SolutionProperties) = preSolution
		HideSolutionNode = FALSE
	EndGlobalSection
	GlobalSection(ExtensibilityGlobals) = postSolution
		SolutionGuid = {B8FD0175-9B1A-4C47-924B-374D0A0EAAEB}
	EndGlobalSection
EndGlobal
